
Microsoft Visual Studio Solution File, Format Version 12.00
# Visual Studio Version 16
VisualStudioVersion = 16.0.30413.136
MinimumVisualStudioVersion = 10.0.40219.1
Project("{FAE04EC0-301F-11D3-BF4B-00C04F79EFBC}") = "OpgLek6.1", "OpgLek6.1\OpgLek6.1.csproj", "{583D2651-0092-4013-B449-6225D9A4B248}"
EndProject
Global
	GlobalSection(SolutionConfigurationPlatforms) = preSolution
		Debug|Any CPU = Debug|Any CPU
		Release|Any CPU = Release|Any CPU
	EndGlobalSection
	GlobalSection(ProjectConfigurationPlatforms) = postSolution
		{583D2651-0092-4013-B449-6225D9A4B248}.Debug|Any CPU.ActiveCfg = Debug|Any CPU
		{583D2651-0092-4013-B449-6225D9A4B248}.Debug|Any CPU.Build.0 = Debug|Any CPU
		{583D2651-0092-4013-B449-6225D9A4B248}.Release|Any CPU.ActiveCfg = Release|Any CPU
		{583D2651-0092-4013-B449-6225D9A4B248}.Release|Any CPU.Build.0 = Release|Any CPU
	EndGlobalSection
	GlobalSection(SolutionProperties) = preSolution
		HideSolutionNode = FALSE
	EndGlobalSection
	GlobalSection(ExtensibilityGlobals) = postSolution
		SolutionGuid = {CE69BA6E-E6E6-4C13-9CE4-075FF2C29DA1}
	EndGlobalSection
EndGlobal
